// !$*UTF8*$!
{
	archiveVersion = 1;
	classes = {
	};
	objectVersion = 56;
	objects = {

/* Begin PBXBuildFile section */
		0C2E55EF4A6E5ABC6927C779 /* Pods_HW7.framework in Frameworks */ = {isa = PBXBuildFile; fileRef = E2B29CB35184CCF21974E76B /* Pods_HW7.framework */; };
		330F4FF22AF575360098B572 /* Token.swift in Sources */ = {isa = PBXBuildFile; fileRef = 330F4FF12AF575360098B572 /* Token.swift */; };
		330F4FF52AF880BC0098B572 /* ProfileScreenController.swift in Sources */ = {isa = PBXBuildFile; fileRef = 330F4FF42AF880BC0098B572 /* ProfileScreenController.swift */; };
		330F4FF72AF880D80098B572 /* ProfileScreenView.swift in Sources */ = {isa = PBXBuildFile; fileRef = 330F4FF62AF880D80098B572 /* ProfileScreenView.swift */; };
		330F4FF92AF8855D0098B572 /* RegisteredUser.swift in Sources */ = {isa = PBXBuildFile; fileRef = 330F4FF82AF8855D0098B572 /* RegisteredUser.swift */; };
		330F4FFC2AF89B590098B572 /* Utilities.swift in Sources */ = {isa = PBXBuildFile; fileRef = 330F4FFB2AF89B590098B572 /* Utilities.swift */; };
		338C92002AF19F170068624C /* MainScreenView.swift in Sources */ = {isa = PBXBuildFile; fileRef = 338C91FF2AF19F170068624C /* MainScreenView.swift */; };
		338C92042AF1A0950068624C /* NotesTableViewCell.swift in Sources */ = {isa = PBXBuildFile; fileRef = 338C92032AF1A0950068624C /* NotesTableViewCell.swift */; };
		338C92062AF1A48C0068624C /* APIConfigs.swift in Sources */ = {isa = PBXBuildFile; fileRef = 338C92052AF1A48C0068624C /* APIConfigs.swift */; };
		338C92082AF1AC820068624C /* Note.swift in Sources */ = {isa = PBXBuildFile; fileRef = 338C92072AF1AC820068624C /* Note.swift */; };
		338C920B2AF2A4240068624C /* NotesProtocol.swift in Sources */ = {isa = PBXBuildFile; fileRef = 338C920A2AF2A4240068624C /* NotesProtocol.swift */; };
		338C920D2AF2A48B0068624C /* NotesAPICalls.swift in Sources */ = {isa = PBXBuildFile; fileRef = 338C920C2AF2A48B0068624C /* NotesAPICalls.swift */; };
		338C92122AF2A65C0068624C /* SignupScreenController.swift in Sources */ = {isa = PBXBuildFile; fileRef = 338C92112AF2A65C0068624C /* SignupScreenController.swift */; };
		338C92142AF2A6770068624C /* SignupScreenView.swift in Sources */ = {isa = PBXBuildFile; fileRef = 338C92132AF2A6770068624C /* SignupScreenView.swift */; };
		338C92162AF2AD150068624C /* User.swift in Sources */ = {isa = PBXBuildFile; fileRef = 338C92152AF2AD150068624C /* User.swift */; };
		338C921B2AF2AF900068624C /* LoginScreenView.swift in Sources */ = {isa = PBXBuildFile; fileRef = 338C921A2AF2AF900068624C /* LoginScreenView.swift */; };
		338C921D2AF2AFC00068624C /* LoginScreenController.swift in Sources */ = {isa = PBXBuildFile; fileRef = 338C921C2AF2AFC00068624C /* LoginScreenController.swift */; };
		33CE84FB2AF19C6B001D69FA /* AppDelegate.swift in Sources */ = {isa = PBXBuildFile; fileRef = 33CE84FA2AF19C6B001D69FA /* AppDelegate.swift */; };
		33CE84FD2AF19C6B001D69FA /* SceneDelegate.swift in Sources */ = {isa = PBXBuildFile; fileRef = 33CE84FC2AF19C6B001D69FA /* SceneDelegate.swift */; };
		33CE84FF2AF19C6B001D69FA /* ViewController.swift in Sources */ = {isa = PBXBuildFile; fileRef = 33CE84FE2AF19C6B001D69FA /* ViewController.swift */; };
		33CE85022AF19C6B001D69FA /* Main.storyboard in Resources */ = {isa = PBXBuildFile; fileRef = 33CE85002AF19C6B001D69FA /* Main.storyboard */; };
		33CE85042AF19C6D001D69FA /* Assets.xcassets in Resources */ = {isa = PBXBuildFile; fileRef = 33CE85032AF19C6D001D69FA /* Assets.xcassets */; };
		33CE85072AF19C6D001D69FA /* LaunchScreen.storyboard in Resources */ = {isa = PBXBuildFile; fileRef = 33CE85052AF19C6D001D69FA /* LaunchScreen.storyboard */; };
/* End PBXBuildFile section */

/* Begin PBXFileReference section */
		330F4FF12AF575360098B572 /* Token.swift */ = {isa = PBXFileReference; lastKnownFileType = sourcecode.swift; path = Token.swift; sourceTree = "<group>"; };
		330F4FF42AF880BC0098B572 /* ProfileScreenController.swift */ = {isa = PBXFileReference; lastKnownFileType = sourcecode.swift; path = ProfileScreenController.swift; sourceTree = "<group>"; };
		330F4FF62AF880D80098B572 /* ProfileScreenView.swift */ = {isa = PBXFileReference; lastKnownFileType = sourcecode.swift; path = ProfileScreenView.swift; sourceTree = "<group>"; };
		330F4FF82AF8855D0098B572 /* RegisteredUser.swift */ = {isa = PBXFileReference; lastKnownFileType = sourcecode.swift; path = RegisteredUser.swift; sourceTree = "<group>"; };
		330F4FFB2AF89B590098B572 /* Utilities.swift */ = {isa = PBXFileReference; lastKnownFileType = sourcecode.swift; path = Utilities.swift; sourceTree = "<group>"; };
		338C91FF2AF19F170068624C /* MainScreenView.swift */ = {isa = PBXFileReference; lastKnownFileType = sourcecode.swift; path = MainScreenView.swift; sourceTree = "<group>"; };
		338C92032AF1A0950068624C /* NotesTableViewCell.swift */ = {isa = PBXFileReference; lastKnownFileType = sourcecode.swift; path = NotesTableViewCell.swift; sourceTree = "<group>"; };
		338C92052AF1A48C0068624C /* APIConfigs.swift */ = {isa = PBXFileReference; lastKnownFileType = sourcecode.swift; path = APIConfigs.swift; sourceTree = "<group>"; };
		338C92072AF1AC820068624C /* Note.swift */ = {isa = PBXFileReference; lastKnownFileType = sourcecode.swift; path = Note.swift; sourceTree = "<group>"; };
		338C920A2AF2A4240068624C /* NotesProtocol.swift */ = {isa = PBXFileReference; lastKnownFileType = sourcecode.swift; path = NotesProtocol.swift; sourceTree = "<group>"; };
		338C920C2AF2A48B0068624C /* NotesAPICalls.swift */ = {isa = PBXFileReference; lastKnownFileType = sourcecode.swift; path = NotesAPICalls.swift; sourceTree = "<group>"; };
		338C92112AF2A65C0068624C /* SignupScreenController.swift */ = {isa = PBXFileReference; lastKnownFileType = sourcecode.swift; path = SignupScreenController.swift; sourceTree = "<group>"; };
		338C92132AF2A6770068624C /* SignupScreenView.swift */ = {isa = PBXFileReference; lastKnownFileType = sourcecode.swift; path = SignupScreenView.swift; sourceTree = "<group>"; };
		338C92152AF2AD150068624C /* User.swift */ = {isa = PBXFileReference; lastKnownFileType = sourcecode.swift; path = User.swift; sourceTree = "<group>"; };
		338C921A2AF2AF900068624C /* LoginScreenView.swift */ = {isa = PBXFileReference; lastKnownFileType = sourcecode.swift; path = LoginScreenView.swift; sourceTree = "<group>"; };
		338C921C2AF2AFC00068624C /* LoginScreenController.swift */ = {isa = PBXFileReference; lastKnownFileType = sourcecode.swift; path = LoginScreenController.swift; sourceTree = "<group>"; };
		33CE84F72AF19C6B001D69FA /* HW7.app */ = {isa = PBXFileReference; explicitFileType = wrapper.application; includeInIndex = 0; path = HW7.app; sourceTree = BUILT_PRODUCTS_DIR; };
		33CE84FA2AF19C6B001D69FA /* AppDelegate.swift */ = {isa = PBXFileReference; lastKnownFileType = sourcecode.swift; path = AppDelegate.swift; sourceTree = "<group>"; };
		33CE84FC2AF19C6B001D69FA /* SceneDelegate.swift */ = {isa = PBXFileReference; lastKnownFileType = sourcecode.swift; path = SceneDelegate.swift; sourceTree = "<group>"; };
		33CE84FE2AF19C6B001D69FA /* ViewController.swift */ = {isa = PBXFileReference; lastKnownFileType = sourcecode.swift; path = ViewController.swift; sourceTree = "<group>"; };
		33CE85012AF19C6B001D69FA /* Base */ = {isa = PBXFileReference; lastKnownFileType = file.storyboard; name = Base; path = Base.lproj/Main.storyboard; sourceTree = "<group>"; };
		33CE85032AF19C6D001D69FA /* Assets.xcassets */ = {isa = PBXFileReference; lastKnownFileType = folder.assetcatalog; path = Assets.xcassets; sourceTree = "<group>"; };
		33CE85062AF19C6D001D69FA /* Base */ = {isa = PBXFileReference; lastKnownFileType = file.storyboard; name = Base; path = Base.lproj/LaunchScreen.storyboard; sourceTree = "<group>"; };
		33CE85082AF19C6D001D69FA /* Info.plist */ = {isa = PBXFileReference; lastKnownFileType = text.plist.xml; path = Info.plist; sourceTree = "<group>"; };
		52EBD94B42CE46AE553F5035 /* Pods-HW7.debug.xcconfig */ = {isa = PBXFileReference; includeInIndex = 1; lastKnownFileType = text.xcconfig; name = "Pods-HW7.debug.xcconfig"; path = "Target Support Files/Pods-HW7/Pods-HW7.debug.xcconfig"; sourceTree = "<group>"; };
		79F7F0C9796E2AF0C391204D /* Pods-HW7.release.xcconfig */ = {isa = PBXFileReference; includeInIndex = 1; lastKnownFileType = text.xcconfig; name = "Pods-HW7.release.xcconfig"; path = "Target Support Files/Pods-HW7/Pods-HW7.release.xcconfig"; sourceTree = "<group>"; };
		E2B29CB35184CCF21974E76B /* Pods_HW7.framework */ = {isa = PBXFileReference; explicitFileType = wrapper.framework; includeInIndex = 0; path = Pods_HW7.framework; sourceTree = BUILT_PRODUCTS_DIR; };
/* End PBXFileReference section */

/* Begin PBXFrameworksBuildPhase section */
		33CE84F42AF19C6B001D69FA /* Frameworks */ = {
			isa = PBXFrameworksBuildPhase;
			buildActionMask = 2147483647;
			files = (
				0C2E55EF4A6E5ABC6927C779 /* Pods_HW7.framework in Frameworks */,
			);
			runOnlyForDeploymentPostprocessing = 0;
		};
/* End PBXFrameworksBuildPhase section */

/* Begin PBXGroup section */
		14DF0D4647D6B2E0515F6627 /* Pods */ = {
			isa = PBXGroup;
			children = (
				52EBD94B42CE46AE553F5035 /* Pods-HW7.debug.xcconfig */,
				79F7F0C9796E2AF0C391204D /* Pods-HW7.release.xcconfig */,
			);
			path = Pods;
			sourceTree = "<group>";
		};
		330F4FF32AF880270098B572 /* Log In Screen */ = {
			isa = PBXGroup;
			children = (
				338C921A2AF2AF900068624C /* LoginScreenView.swift */,
				338C921C2AF2AFC00068624C /* LoginScreenController.swift */,
			);
			path = "Log In Screen";
			sourceTree = "<group>";
		};
		330F4FFA2AF88AFC0098B572 /* Profile Screen */ = {
			isa = PBXGroup;
			children = (
				330F4FF42AF880BC0098B572 /* ProfileScreenController.swift */,
				330F4FF62AF880D80098B572 /* ProfileScreenView.swift */,
			);
			path = "Profile Screen";
			sourceTree = "<group>";
		};
		338C92092AF2A1990068624C /* Data Model */ = {
			isa = PBXGroup;
			children = (
				338C92072AF1AC820068624C /* Note.swift */,
				338C92152AF2AD150068624C /* User.swift */,
				330F4FF12AF575360098B572 /* Token.swift */,
				330F4FF82AF8855D0098B572 /* RegisteredUser.swift */,
			);
			path = "Data Model";
			sourceTree = "<group>";
		};
		338C920E2AF2A57B0068624C /* Note API Configs */ = {
			isa = PBXGroup;
			children = (
				338C92052AF1A48C0068624C /* APIConfigs.swift */,
				338C920A2AF2A4240068624C /* NotesProtocol.swift */,
			);
			path = "Note API Configs";
			sourceTree = "<group>";
		};
		338C920F2AF2A5AA0068624C /* Main Screen */ = {
			isa = PBXGroup;
			children = (
				338C92102AF2A5CA0068624C /* Views */,
				33CE84FE2AF19C6B001D69FA /* ViewController.swift */,
				338C920C2AF2A48B0068624C /* NotesAPICalls.swift */,
			);
			path = "Main Screen";
			sourceTree = "<group>";
		};
		338C92102AF2A5CA0068624C /* Views */ = {
			isa = PBXGroup;
			children = (
				338C91FF2AF19F170068624C /* MainScreenView.swift */,
				338C92032AF1A0950068624C /* NotesTableViewCell.swift */,
			);
			path = Views;
			sourceTree = "<group>";
		};
		338C92172AF2AF4D0068624C /* Sign Up Screen */ = {
			isa = PBXGroup;
			children = (
				338C92112AF2A65C0068624C /* SignupScreenController.swift */,
				338C92132AF2A6770068624C /* SignupScreenView.swift */,
			);
			path = "Sign Up Screen";
			sourceTree = "<group>";
		};
		33CE84EE2AF19C6B001D69FA = {
			isa = PBXGroup;
			children = (
				33CE84F92AF19C6B001D69FA /* HW7 */,
				33CE84F82AF19C6B001D69FA /* Products */,
				14DF0D4647D6B2E0515F6627 /* Pods */,
				ABE3542EDBC6B37FC8BCFC5B /* Frameworks */,
			);
			sourceTree = "<group>";
		};
		33CE84F82AF19C6B001D69FA /* Products */ = {
			isa = PBXGroup;
			children = (
				33CE84F72AF19C6B001D69FA /* HW7.app */,
			);
			name = Products;
			sourceTree = "<group>";
		};
		33CE84F92AF19C6B001D69FA /* HW7 */ = {
			isa = PBXGroup;
			children = (
				33CE84FA2AF19C6B001D69FA /* AppDelegate.swift */,
				33CE84FC2AF19C6B001D69FA /* SceneDelegate.swift */,
				338C920F2AF2A5AA0068624C /* Main Screen */,
				33CE85002AF19C6B001D69FA /* Main.storyboard */,
				33CE85032AF19C6D001D69FA /* Assets.xcassets */,
				33CE85052AF19C6D001D69FA /* LaunchScreen.storyboard */,
				33CE85082AF19C6D001D69FA /* Info.plist */,
				338C920E2AF2A57B0068624C /* Note API Configs */,
				338C92092AF2A1990068624C /* Data Model */,
				338C92172AF2AF4D0068624C /* Sign Up Screen */,
				330F4FF32AF880270098B572 /* Log In Screen */,
				330F4FFA2AF88AFC0098B572 /* Profile Screen */,
				330F4FFB2AF89B590098B572 /* Utilities.swift */,
			);
			path = HW7;
			sourceTree = "<group>";
		};
		ABE3542EDBC6B37FC8BCFC5B /* Frameworks */ = {
			isa = PBXGroup;
			children = (
				E2B29CB35184CCF21974E76B /* Pods_HW7.framework */,
			);
			name = Frameworks;
			sourceTree = "<group>";
		};
/* End PBXGroup section */

/* Begin PBXNativeTarget section */
		33CE84F62AF19C6B001D69FA /* HW7 */ = {
			isa = PBXNativeTarget;
			buildConfigurationList = 33CE850B2AF19C6D001D69FA /* Build configuration list for PBXNativeTarget "HW7" */;
			buildPhases = (
				BFA82DCED7CD85A9E3D3AC3B /* [CP] Check Pods Manifest.lock */,
				33CE84F32AF19C6B001D69FA /* Sources */,
				33CE84F42AF19C6B001D69FA /* Frameworks */,
				33CE84F52AF19C6B001D69FA /* Resources */,
				0C5804CCD94A989E1D87A849 /* [CP] Embed Pods Frameworks */,
			);
			buildRules = (
			);
			dependencies = (
			);
			name = HW7;
			productName = HW7;
			productReference = 33CE84F72AF19C6B001D69FA /* HW7.app */;
			productType = "com.apple.product-type.application";
		};
/* End PBXNativeTarget section */

/* Begin PBXProject section */
		33CE84EF2AF19C6B001D69FA /* Project object */ = {
			isa = PBXProject;
			attributes = {
				BuildIndependentTargetsInParallel = 1;
				LastSwiftUpdateCheck = 1500;
				LastUpgradeCheck = 1500;
				TargetAttributes = {
					33CE84F62AF19C6B001D69FA = {
						CreatedOnToolsVersion = 15.0;
					};
				};
			};
			buildConfigurationList = 33CE84F22AF19C6B001D69FA /* Build configuration list for PBXProject "HW7" */;
			compatibilityVersion = "Xcode 14.0";
			developmentRegion = en;
			hasScannedForEncodings = 0;
			knownRegions = (
				en,
				Base,
			);
			mainGroup = 33CE84EE2AF19C6B001D69FA;
			productRefGroup = 33CE84F82AF19C6B001D69FA /* Products */;
			projectDirPath = "";
			projectRoot = "";
			targets = (
				33CE84F62AF19C6B001D69FA /* HW7 */,
			);
		};
/* End PBXProject section */

/* Begin PBXResourcesBuildPhase section */
		33CE84F52AF19C6B001D69FA /* Resources */ = {
			isa = PBXResourcesBuildPhase;
			buildActionMask = 2147483647;
			files = (
				33CE85072AF19C6D001D69FA /* LaunchScreen.storyboard in Resources */,
				33CE85042AF19C6D001D69FA /* Assets.xcassets in Resources */,
				33CE85022AF19C6B001D69FA /* Main.storyboard in Resources */,
			);
			runOnlyForDeploymentPostprocessing = 0;
		};
/* End PBXResourcesBuildPhase section */

/* Begin PBXShellScriptBuildPhase section */
		0C5804CCD94A989E1D87A849 /* [CP] Embed Pods Frameworks */ = {
			isa = PBXShellScriptBuildPhase;
			buildActionMask = 2147483647;
			files = (
			);
			inputFileListPaths = (
				"${PODS_ROOT}/Target Support Files/Pods-HW7/Pods-HW7-frameworks-${CONFIGURATION}-input-files.xcfilelist",
			);
			name = "[CP] Embed Pods Frameworks";
			outputFileListPaths = (
				"${PODS_ROOT}/Target Support Files/Pods-HW7/Pods-HW7-frameworks-${CONFIGURATION}-output-files.xcfilelist",
			);
			runOnlyForDeploymentPostprocessing = 0;
			shellPath = /bin/sh;
			shellScript = "\"${PODS_ROOT}/Target Support Files/Pods-HW7/Pods-HW7-frameworks.sh\"\n";
			showEnvVarsInLog = 0;
		};
		BFA82DCED7CD85A9E3D3AC3B /* [CP] Check Pods Manifest.lock */ = {
			isa = PBXShellScriptBuildPhase;
			buildActionMask = 2147483647;
			files = (
			);
			inputFileListPaths = (
			);
			inputPaths = (
				"${PODS_PODFILE_DIR_PATH}/Podfile.lock",
				"${PODS_ROOT}/Manifest.lock",
			);
			name = "[CP] Check Pods Manifest.lock";
			outputFileListPaths = (
			);
			outputPaths = (
				"$(DERIVED_FILE_DIR)/Pods-HW7-checkManifestLockResult.txt",
			);
			runOnlyForDeploymentPostprocessing = 0;
			shellPath = /bin/sh;
			shellScript = "diff \"${PODS_PODFILE_DIR_PATH}/Podfile.lock\" \"${PODS_ROOT}/Manifest.lock\" > /dev/null\nif [ $? != 0 ] ; then\n    # print error to STDERR\n    echo \"error: The sandbox is not in sync with the Podfile.lock. Run 'pod install' or update your CocoaPods installation.\" >&2\n    exit 1\nfi\n# This output is used by Xcode 'outputs' to avoid re-running this script phase.\necho \"SUCCESS\" > \"${SCRIPT_OUTPUT_FILE_0}\"\n";
			showEnvVarsInLog = 0;
		};
/* End PBXShellScriptBuildPhase section */

/* Begin PBXSourcesBuildPhase section */
		33CE84F32AF19C6B001D69FA /* Sources */ = {
			isa = PBXSourcesBuildPhase;
			buildActionMask = 2147483647;
			files = (
				33CE84FF2AF19C6B001D69FA /* ViewController.swift in Sources */,
				338C920B2AF2A4240068624C /* NotesProtocol.swift in Sources */,
				338C921B2AF2AF900068624C /* LoginScreenView.swift in Sources */,
				338C92142AF2A6770068624C /* SignupScreenView.swift in Sources */,
				33CE84FB2AF19C6B001D69FA /* AppDelegate.swift in Sources */,
				338C920D2AF2A48B0068624C /* NotesAPICalls.swift in Sources */,
				330F4FF22AF575360098B572 /* Token.swift in Sources */,
				338C92082AF1AC820068624C /* Note.swift in Sources */,
				338C92042AF1A0950068624C /* NotesTableViewCell.swift in Sources */,
				33CE84FD2AF19C6B001D69FA /* SceneDelegate.swift in Sources */,
				338C92162AF2AD150068624C /* User.swift in Sources */,
				338C92122AF2A65C0068624C /* SignupScreenController.swift in Sources */,
				330F4FF92AF8855D0098B572 /* RegisteredUser.swift in Sources */,
				330F4FFC2AF89B590098B572 /* Utilities.swift in Sources */,
				338C921D2AF2AFC00068624C /* LoginScreenController.swift in Sources */,
				330F4FF52AF880BC0098B572 /* ProfileScreenController.swift in Sources */,
				338C92062AF1A48C0068624C /* APIConfigs.swift in Sources */,
				338C92002AF19F170068624C /* MainScreenView.swift in Sources */,
				330F4FF72AF880D80098B572 /* ProfileScreenView.swift in Sources */,
			);
			runOnlyForDeploymentPostprocessing = 0;
		};
/* End PBXSourcesBuildPhase section */

/* Begin PBXVariantGroup section */
		33CE85002AF19C6B001D69FA /* Main.storyboard */ = {
			isa = PBXVariantGroup;
			children = (
				33CE85012AF19C6B001D69FA /* Base */,
			);
			name = Main.storyboard;
			sourceTree = "<group>";
		};
		33CE85052AF19C6D001D69FA /* LaunchScreen.storyboard */ = {
			isa = PBXVariantGroup;
			children = (
				33CE85062AF19C6D001D69FA /* Base */,
			);
			name = LaunchScreen.storyboard;
			sourceTree = "<group>";
		};
/* End PBXVariantGroup section */

/* Begin XCBuildConfiguration section */
		33CE85092AF19C6D001D69FA /* Debug */ = {
			isa = XCBuildConfiguration;
			buildSettings = {
				ALWAYS_SEARCH_USER_PATHS = NO;
				ASSETCATALOG_COMPILER_GENERATE_SWIFT_ASSET_SYMBOL_EXTENSIONS = YES;
				CLANG_ANALYZER_NONNULL = YES;
				CLANG_ANALYZER_NUMBER_OBJECT_CONVERSION = YES_AGGRESSIVE;
				CLANG_CXX_LANGUAGE_STANDARD = "gnu++20";
				CLANG_ENABLE_MODULES = YES;
				CLANG_ENABLE_OBJC_ARC = YES;
				CLANG_ENABLE_OBJC_WEAK = YES;
				CLANG_WARN_BLOCK_CAPTURE_AUTORELEASING = YES;
				CLANG_WARN_BOOL_CONVERSION = YES;
				CLANG_WARN_COMMA = YES;
				CLANG_WARN_CONSTANT_CONVERSION = YES;
				CLANG_WARN_DEPRECATED_OBJC_IMPLEMENTATIONS = YES;
				CLANG_WARN_DIRECT_OBJC_ISA_USAGE = YES_ERROR;
				CLANG_WARN_DOCUMENTATION_COMMENTS = YES;
				CLANG_WARN_EMPTY_BODY = YES;
				CLANG_WARN_ENUM_CONVERSION = YES;
				CLANG_WARN_INFINITE_RECURSION = YES;
				CLANG_WARN_INT_CONVERSION = YES;
				CLANG_WARN_NON_LITERAL_NULL_CONVERSION = YES;
				CLANG_WARN_OBJC_IMPLICIT_RETAIN_SELF = YES;
				CLANG_WARN_OBJC_LITERAL_CONVERSION = YES;
				CLANG_WARN_OBJC_ROOT_CLASS = YES_ERROR;
				CLANG_WARN_QUOTED_INCLUDE_IN_FRAMEWORK_HEADER = YES;
				CLANG_WARN_RANGE_LOOP_ANALYSIS = YES;
				CLANG_WARN_STRICT_PROTOTYPES = YES;
				CLANG_WARN_SUSPICIOUS_MOVE = YES;
				CLANG_WARN_UNGUARDED_AVAILABILITY = YES_AGGRESSIVE;
				CLANG_WARN_UNREACHABLE_CODE = YES;
				CLANG_WARN__DUPLICATE_METHOD_MATCH = YES;
				COPY_PHASE_STRIP = NO;
				DEBUG_INFORMATION_FORMAT = dwarf;
				ENABLE_STRICT_OBJC_MSGSEND = YES;
				ENABLE_TESTABILITY = YES;
				ENABLE_USER_SCRIPT_SANDBOXING = NO;
				GCC_C_LANGUAGE_STANDARD = gnu17;
				GCC_DYNAMIC_NO_PIC = NO;
				GCC_NO_COMMON_BLOCKS = YES;
				GCC_OPTIMIZATION_LEVEL = 0;
				GCC_PREPROCESSOR_DEFINITIONS = (
					"DEBUG=1",
					"$(inherited)",
				);
				GCC_WARN_64_TO_32_BIT_CONVERSION = YES;
				GCC_WARN_ABOUT_RETURN_TYPE = YES_ERROR;
				GCC_WARN_UNDECLARED_SELECTOR = YES;
				GCC_WARN_UNINITIALIZED_AUTOS = YES_AGGRESSIVE;
				GCC_WARN_UNUSED_FUNCTION = YES;
				GCC_WARN_UNUSED_VARIABLE = YES;
				IPHONEOS_DEPLOYMENT_TARGET = 17.0;
				LOCALIZATION_PREFERS_STRING_CATALOGS = YES;
				MTL_ENABLE_DEBUG_INFO = INCLUDE_SOURCE;
				MTL_FAST_MATH = YES;
				ONLY_ACTIVE_ARCH = YES;
				SDKROOT = iphoneos;
				SWIFT_ACTIVE_COMPILATION_CONDITIONS = "DEBUG $(inherited)";
				SWIFT_OPTIMIZATION_LEVEL = "-Onone";
			};
			name = Debug;
		};
		33CE850A2AF19C6D001D69FA /* Release */ = {
			isa = XCBuildConfiguration;
			buildSettings = {
				ALWAYS_SEARCH_USER_PATHS = NO;
				ASSETCATALOG_COMPILER_GENERATE_SWIFT_ASSET_SYMBOL_EXTENSIONS = YES;
				CLANG_ANALYZER_NONNULL = YES;
				CLANG_ANALYZER_NUMBER_OBJECT_CONVERSION = YES_AGGRESSIVE;
				CLANG_CXX_LANGUAGE_STANDARD = "gnu++20";
				CLANG_ENABLE_MODULES = YES;
				CLANG_ENABLE_OBJC_ARC = YES;
				CLANG_ENABLE_OBJC_WEAK = YES;
				CLANG_WARN_BLOCK_CAPTURE_AUTORELEASING = YES;
				CLANG_WARN_BOOL_CONVERSION = YES;
				CLANG_WARN_COMMA = YES;
				CLANG_WARN_CONSTANT_CONVERSION = YES;
				CLANG_WARN_DEPRECATED_OBJC_IMPLEMENTATIONS = YES;
				CLANG_WARN_DIRECT_OBJC_ISA_USAGE = YES_ERROR;
				CLANG_WARN_DOCUMENTATION_COMMENTS = YES;
				CLANG_WARN_EMPTY_BODY = YES;
				CLANG_WARN_ENUM_CONVERSION = YES;
				CLANG_WARN_INFINITE_RECURSION = YES;
				CLANG_WARN_INT_CONVERSION = YES;
				CLANG_WARN_NON_LITERAL_NULL_CONVERSION = YES;
				CLANG_WARN_OBJC_IMPLICIT_RETAIN_SELF = YES;
				CLANG_WARN_OBJC_LITERAL_CONVERSION = YES;
				CLANG_WARN_OBJC_ROOT_CLASS = YES_ERROR;
				CLANG_WARN_QUOTED_INCLUDE_IN_FRAMEWORK_HEADER = YES;
				CLANG_WARN_RANGE_LOOP_ANALYSIS = YES;
				CLANG_WARN_STRICT_PROTOTYPES = YES;
				CLANG_WARN_SUSPICIOUS_MOVE = YES;
				CLANG_WARN_UNGUARDED_AVAILABILITY = YES_AGGRESSIVE;
				CLANG_WARN_UNREACHABLE_CODE = YES;
				CLANG_WARN__DUPLICATE_METHOD_MATCH = YES;
				COPY_PHASE_STRIP = NO;
				DEBUG_INFORMATION_FORMAT = "dwarf-with-dsym";
				ENABLE_NS_ASSERTIONS = NO;
				ENABLE_STRICT_OBJC_MSGSEND = YES;
				ENABLE_USER_SCRIPT_SANDBOXING = NO;
				GCC_C_LANGUAGE_STANDARD = gnu17;
				GCC_NO_COMMON_BLOCKS = YES;
				GCC_WARN_64_TO_32_BIT_CONVERSION = YES;
				GCC_WARN_ABOUT_RETURN_TYPE = YES_ERROR;
				GCC_WARN_UNDECLARED_SELECTOR = YES;
				GCC_WARN_UNINITIALIZED_AUTOS = YES_AGGRESSIVE;
				GCC_WARN_UNUSED_FUNCTION = YES;
				GCC_WARN_UNUSED_VARIABLE = YES;
				IPHONEOS_DEPLOYMENT_TARGET = 17.0;
				LOCALIZATION_PREFERS_STRING_CATALOGS = YES;
				MTL_ENABLE_DEBUG_INFO = NO;
				MTL_FAST_MATH = YES;
				SDKROOT = iphoneos;
				SWIFT_COMPILATION_MODE = wholemodule;
				VALIDATE_PRODUCT = YES;
			};
			name = Release;
		};
		33CE850C2AF19C6D001D69FA /* Debug */ = {
			isa = XCBuildConfiguration;
			baseConfigurationReference = 52EBD94B42CE46AE553F5035 /* Pods-HW7.debug.xcconfig */;
			buildSettings = {
				ASSETCATALOG_COMPILER_APPICON_NAME = AppIcon;
				ASSETCATALOG_COMPILER_GLOBAL_ACCENT_COLOR_NAME = AccentColor;
				CODE_SIGN_STYLE = Automatic;
				CURRENT_PROJECT_VERSION = 1;
				DEVELOPMENT_TEAM = H5GQY298D3;
				GENERATE_INFOPLIST_FILE = YES;
				INFOPLIST_FILE = HW7/Info.plist;
				INFOPLIST_KEY_UIApplicationSupportsIndirectInputEvents = YES;
				INFOPLIST_KEY_UILaunchStoryboardName = LaunchScreen;
				INFOPLIST_KEY_UIMainStoryboardFile = Main;
				INFOPLIST_KEY_UISupportedInterfaceOrientations_iPad = "UIInterfaceOrientationPortrait UIInterfaceOrientationPortraitUpsideDown UIInterfaceOrientationLandscapeLeft UIInterfaceOrientationLandscapeRight";
				INFOPLIST_KEY_UISupportedInterfaceOrientations_iPhone = "UIInterfaceOrientationPortrait UIInterfaceOrientationLandscapeLeft UIInterfaceOrientationLandscapeRight";
				LD_RUNPATH_SEARCH_PATHS = (
					"$(inherited)",
					"@executable_path/Frameworks",
				);
				MARKETING_VERSION = 1.0;
				PRODUCT_BUNDLE_IDENTIFIER = com.example.HW7;
				PRODUCT_NAME = "$(TARGET_NAME)";
				SWIFT_EMIT_LOC_STRINGS = YES;
				SWIFT_VERSION = 5.0;
				TARGETED_DEVICE_FAMILY = "1,2";
			};
			name = Debug;
		};
		33CE850D2AF19C6D001D69FA /* Release */ = {
			isa = XCBuildConfiguration;
			baseConfigurationReference = 79F7F0C9796E2AF0C391204D /* Pods-HW7.release.xcconfig */;
			buildSettings = {
				ASSETCATALOG_COMPILER_APPICON_NAME = AppIcon;
				ASSETCATALOG_COMPILER_GLOBAL_ACCENT_COLOR_NAME = AccentColor;
				CODE_SIGN_STYLE = Automatic;
				CURRENT_PROJECT_VERSION = 1;
				DEVELOPMENT_TEAM = H5GQY298D3;
				GENERATE_INFOPLIST_FILE = YES;
				INFOPLIST_FILE = HW7/Info.plist;
				INFOPLIST_KEY_UIApplicationSupportsIndirectInputEvents = YES;
				INFOPLIST_KEY_UILaunchStoryboardName = LaunchScreen;
				INFOPLIST_KEY_UIMainStoryboardFile = Main;
				INFOPLIST_KEY_UISupportedInterfaceOrientations_iPad = "UIInterfaceOrientationPortrait UIInterfaceOrientationPortraitUpsideDown UIInterfaceOrientationLandscapeLeft UIInterfaceOrientationLandscapeRight";
				INFOPLIST_KEY_UISupportedInterfaceOrientations_iPhone = "UIInterfaceOrientationPortrait UIInterfaceOrientationLandscapeLeft UIInterfaceOrientationLandscapeRight";
				LD_RUNPATH_SEARCH_PATHS = (
					"$(inherited)",
					"@executable_path/Frameworks",
				);
				MARKETING_VERSION = 1.0;
				PRODUCT_BUNDLE_IDENTIFIER = com.example.HW7;
				PRODUCT_NAME = "$(TARGET_NAME)";
				SWIFT_EMIT_LOC_STRINGS = YES;
				SWIFT_VERSION = 5.0;
				TARGETED_DEVICE_FAMILY = "1,2";
			};
			name = Release;
		};
/* End XCBuildConfiguration section */

/* Begin XCConfigurationList section */
		33CE84F22AF19C6B001D69FA /* Build configuration list for PBXProject "HW7" */ = {
			isa = XCConfigurationList;
			buildConfigurations = (
				33CE85092AF19C6D001D69FA /* Debug */,
				33CE850A2AF19C6D001D69FA /* Release */,
			);
			defaultConfigurationIsVisible = 0;
			defaultConfigurationName = Release;
		};
		33CE850B2AF19C6D001D69FA /* Build configuration list for PBXNativeTarget "HW7" */ = {
			isa = XCConfigurationList;
			buildConfigurations = (
				33CE850C2AF19C6D001D69FA /* Debug */,
				33CE850D2AF19C6D001D69FA /* Release */,
			);
			defaultConfigurationIsVisible = 0;
			defaultConfigurationName = Release;
		};
/* End XCConfigurationList section */
	};
	rootObject = 33CE84EF2AF19C6B001D69FA /* Project object */;
}
